// !$*UTF8*$!
{
	archiveVersion = 1;
	classes = {
	};
	objectVersion = 56;
	objects = {

/* Begin PBXBuildFile section */
		E8093C872983ED0A00863BD6 /* SpectreApp.swift in Sources */ = {isa = PBXBuildFile; fileRef = E8093C862983ED0A00863BD6 /* SpectreApp.swift */; };
		E8093C892983ED0A00863BD6 /* WalletView.swift in Sources */ = {isa = PBXBuildFile; fileRef = E8093C882983ED0A00863BD6 /* WalletView.swift */; };
		E8093C8B2983ED0B00863BD6 /* Assets.xcassets in Resources */ = {isa = PBXBuildFile; fileRef = E8093C8A2983ED0B00863BD6 /* Assets.xcassets */; };
		E8093C8E2983ED0B00863BD6 /* Preview Assets.xcassets in Resources */ = {isa = PBXBuildFile; fileRef = E8093C8D2983ED0B00863BD6 /* Preview Assets.xcassets */; };
		E8093C982983ED0B00863BD6 /* SpectreTests.swift in Sources */ = {isa = PBXBuildFile; fileRef = E8093C972983ED0B00863BD6 /* SpectreTests.swift */; };
		E8093CA22983ED0B00863BD6 /* SpectreUITests.swift in Sources */ = {isa = PBXBuildFile; fileRef = E8093CA12983ED0B00863BD6 /* SpectreUITests.swift */; };
		E8093CA42983ED0B00863BD6 /* SpectreUITestsLaunchTests.swift in Sources */ = {isa = PBXBuildFile; fileRef = E8093CA32983ED0B00863BD6 /* SpectreUITestsLaunchTests.swift */; };
		E8093CB2298482E500863BD6 /* MainView.swift in Sources */ = {isa = PBXBuildFile; fileRef = E8093CB1298482E500863BD6 /* MainView.swift */; };
		E8093CB4298491A900863BD6 /* NFTView.swift in Sources */ = {isa = PBXBuildFile; fileRef = E8093CB3298491A900863BD6 /* NFTView.swift */; };
		E8093CB629849CDD00863BD6 /* SwapView.swift in Sources */ = {isa = PBXBuildFile; fileRef = E8093CB529849CDD00863BD6 /* SwapView.swift */; };
		E8093CB82984A7F200863BD6 /* ActivityView.swift in Sources */ = {isa = PBXBuildFile; fileRef = E8093CB72984A7F200863BD6 /* ActivityView.swift */; };
		E8093CBA2985076400863BD6 /* BrowserView.swift in Sources */ = {isa = PBXBuildFile; fileRef = E8093CB92985076400863BD6 /* BrowserView.swift */; };
		E81835EC298732D6009AFB60 /* WalletService.swift in Sources */ = {isa = PBXBuildFile; fileRef = E81835EB298732D6009AFB60 /* WalletService.swift */; };
		E81835EE29873654009AFB60 /* WalletViewModel.swift in Sources */ = {isa = PBXBuildFile; fileRef = E81835ED29873654009AFB60 /* WalletViewModel.swift */; };
/* End PBXBuildFile section */

/* Begin PBXContainerItemProxy section */
		E8093C942983ED0B00863BD6 /* PBXContainerItemProxy */ = {
			isa = PBXContainerItemProxy;
			containerPortal = E8093C7B2983ED0A00863BD6 /* Project object */;
			proxyType = 1;
			remoteGlobalIDString = E8093C822983ED0A00863BD6;
			remoteInfo = Spectre;
		};
		E8093C9E2983ED0B00863BD6 /* PBXContainerItemProxy */ = {
			isa = PBXContainerItemProxy;
			containerPortal = E8093C7B2983ED0A00863BD6 /* Project object */;
			proxyType = 1;
			remoteGlobalIDString = E8093C822983ED0A00863BD6;
			remoteInfo = Spectre;
		};
/* End PBXContainerItemProxy section */

/* Begin PBXFileReference section */
		E8093C832983ED0A00863BD6 /* Spectre.app */ = {isa = PBXFileReference; explicitFileType = wrapper.application; includeInIndex = 0; path = Spectre.app; sourceTree = BUILT_PRODUCTS_DIR; };
		E8093C862983ED0A00863BD6 /* SpectreApp.swift */ = {isa = PBXFileReference; lastKnownFileType = sourcecode.swift; path = SpectreApp.swift; sourceTree = "<group>"; };
		E8093C882983ED0A00863BD6 /* WalletView.swift */ = {isa = PBXFileReference; lastKnownFileType = sourcecode.swift; path = WalletView.swift; sourceTree = "<group>"; };
		E8093C8A2983ED0B00863BD6 /* Assets.xcassets */ = {isa = PBXFileReference; lastKnownFileType = folder.assetcatalog; path = Assets.xcassets; sourceTree = "<group>"; };
		E8093C8D2983ED0B00863BD6 /* Preview Assets.xcassets */ = {isa = PBXFileReference; lastKnownFileType = folder.assetcatalog; path = "Preview Assets.xcassets"; sourceTree = "<group>"; };
		E8093C932983ED0B00863BD6 /* SpectreTests.xctest */ = {isa = PBXFileReference; explicitFileType = wrapper.cfbundle; includeInIndex = 0; path = SpectreTests.xctest; sourceTree = BUILT_PRODUCTS_DIR; };
		E8093C972983ED0B00863BD6 /* SpectreTests.swift */ = {isa = PBXFileReference; lastKnownFileType = sourcecode.swift; path = SpectreTests.swift; sourceTree = "<group>"; };
		E8093C9D2983ED0B00863BD6 /* SpectreUITests.xctest */ = {isa = PBXFileReference; explicitFileType = wrapper.cfbundle; includeInIndex = 0; path = SpectreUITests.xctest; sourceTree = BUILT_PRODUCTS_DIR; };
		E8093CA12983ED0B00863BD6 /* SpectreUITests.swift */ = {isa = PBXFileReference; lastKnownFileType = sourcecode.swift; path = SpectreUITests.swift; sourceTree = "<group>"; };
		E8093CA32983ED0B00863BD6 /* SpectreUITestsLaunchTests.swift */ = {isa = PBXFileReference; lastKnownFileType = sourcecode.swift; path = SpectreUITestsLaunchTests.swift; sourceTree = "<group>"; };
		E8093CB1298482E500863BD6 /* MainView.swift */ = {isa = PBXFileReference; lastKnownFileType = sourcecode.swift; path = MainView.swift; sourceTree = "<group>"; };
		E8093CB3298491A900863BD6 /* NFTView.swift */ = {isa = PBXFileReference; lastKnownFileType = sourcecode.swift; path = NFTView.swift; sourceTree = "<group>"; };
		E8093CB529849CDD00863BD6 /* SwapView.swift */ = {isa = PBXFileReference; lastKnownFileType = sourcecode.swift; path = SwapView.swift; sourceTree = "<group>"; };
		E8093CB72984A7F200863BD6 /* ActivityView.swift */ = {isa = PBXFileReference; lastKnownFileType = sourcecode.swift; path = ActivityView.swift; sourceTree = "<group>"; };
		E8093CB92985076400863BD6 /* BrowserView.swift */ = {isa = PBXFileReference; lastKnownFileType = sourcecode.swift; path = BrowserView.swift; sourceTree = "<group>"; };
		E81835EB298732D6009AFB60 /* WalletService.swift */ = {isa = PBXFileReference; lastKnownFileType = sourcecode.swift; path = WalletService.swift; sourceTree = "<group>"; };
		E81835ED29873654009AFB60 /* WalletViewModel.swift */ = {isa = PBXFileReference; lastKnownFileType = sourcecode.swift; path = WalletViewModel.swift; sourceTree = "<group>"; };
		E81835EF29874740009AFB60 /* .gitignore */ = {isa = PBXFileReference; lastKnownFileType = text; path = .gitignore; sourceTree = "<group>"; };
/* End PBXFileReference section */

/* Begin PBXFrameworksBuildPhase section */
		E8093C802983ED0A00863BD6 /* Frameworks */ = {
			isa = PBXFrameworksBuildPhase;
			buildActionMask = 2147483647;
			files = (
			);
			runOnlyForDeploymentPostprocessing = 0;
		};
		E8093C902983ED0B00863BD6 /* Frameworks */ = {
			isa = PBXFrameworksBuildPhase;
			buildActionMask = 2147483647;
			files = (
			);
			runOnlyForDeploymentPostprocessing = 0;
		};
		E8093C9A2983ED0B00863BD6 /* Frameworks */ = {
			isa = PBXFrameworksBuildPhase;
			buildActionMask = 2147483647;
			files = (
			);
			runOnlyForDeploymentPostprocessing = 0;
		};
/* End PBXFrameworksBuildPhase section */

/* Begin PBXGroup section */
		E8093C7A2983ED0A00863BD6 = {
			isa = PBXGroup;
			children = (
				E81835EF29874740009AFB60 /* .gitignore */,
				E8093C842983ED0A00863BD6 /* Products */,
				E8093C852983ED0A00863BD6 /* Spectre */,
				E8093C962983ED0B00863BD6 /* SpectreTests */,
				E8093CA02983ED0B00863BD6 /* SpectreUITests */,
			);
			sourceTree = "<group>";
		};
		E8093C842983ED0A00863BD6 /* Products */ = {
			isa = PBXGroup;
			children = (
				E8093C832983ED0A00863BD6 /* Spectre.app */,
				E8093C932983ED0B00863BD6 /* SpectreTests.xctest */,
				E8093C9D2983ED0B00863BD6 /* SpectreUITests.xctest */,
			);
			name = Products;
			sourceTree = "<group>";
		};
		E8093C852983ED0A00863BD6 /* Spectre */ = {
			isa = PBXGroup;
			children = (
				E8093CB02983ED1600863BD6 /* Source */,
				E8093C8A2983ED0B00863BD6 /* Assets.xcassets */,
				E8093C8C2983ED0B00863BD6 /* Preview Content */,
			);
			path = Spectre;
			sourceTree = "<group>";
		};
		E8093C8C2983ED0B00863BD6 /* Preview Content */ = {
			isa = PBXGroup;
			children = (
				E8093C8D2983ED0B00863BD6 /* Preview Assets.xcassets */,
			);
			path = "Preview Content";
			sourceTree = "<group>";
		};
		E8093C962983ED0B00863BD6 /* SpectreTests */ = {
			isa = PBXGroup;
			children = (
				E8093C972983ED0B00863BD6 /* SpectreTests.swift */,
			);
			path = SpectreTests;
			sourceTree = "<group>";
		};
		E8093CA02983ED0B00863BD6 /* SpectreUITests */ = {
			isa = PBXGroup;
			children = (
				E8093CA12983ED0B00863BD6 /* SpectreUITests.swift */,
				E8093CA32983ED0B00863BD6 /* SpectreUITestsLaunchTests.swift */,
			);
			path = SpectreUITests;
			sourceTree = "<group>";
		};
		E8093CB02983ED1600863BD6 /* Source */ = {
			isa = PBXGroup;
			children = (
				E8093CB72984A7F200863BD6 /* ActivityView.swift */,
				E8093CB92985076400863BD6 /* BrowserView.swift */,
				E8093CB1298482E500863BD6 /* MainView.swift */,
				E8093CB3298491A900863BD6 /* NFTView.swift */,
				E8093C862983ED0A00863BD6 /* SpectreApp.swift */,
				E8093CB529849CDD00863BD6 /* SwapView.swift */,
				E81835EA298732C6009AFB60 /* Wallet */,
			);
			path = Source;
			sourceTree = "<group>";
		};
		E81835EA298732C6009AFB60 /* Wallet */ = {
			isa = PBXGroup;
			children = (
				E81835EB298732D6009AFB60 /* WalletService.swift */,
				E8093C882983ED0A00863BD6 /* WalletView.swift */,
				E81835ED29873654009AFB60 /* WalletViewModel.swift */,
			);
			path = Wallet;
			sourceTree = "<group>";
		};
/* End PBXGroup section */

/* Begin PBXNativeTarget section */
		E8093C822983ED0A00863BD6 /* Spectre */ = {
			isa = PBXNativeTarget;
			buildConfigurationList = E8093CA72983ED0B00863BD6 /* Build configuration list for PBXNativeTarget "Spectre" */;
			buildPhases = (
				E8093C7F2983ED0A00863BD6 /* Sources */,
				E8093C802983ED0A00863BD6 /* Frameworks */,
				E8093C812983ED0A00863BD6 /* Resources */,
			);
			buildRules = (
			);
			dependencies = (
			);
			name = Spectre;
			productName = Spectre;
			productReference = E8093C832983ED0A00863BD6 /* Spectre.app */;
			productType = "com.apple.product-type.application";
		};
		E8093C922983ED0B00863BD6 /* SpectreTests */ = {
			isa = PBXNativeTarget;
			buildConfigurationList = E8093CAA2983ED0B00863BD6 /* Build configuration list for PBXNativeTarget "SpectreTests" */;
			buildPhases = (
				E8093C8F2983ED0B00863BD6 /* Sources */,
				E8093C902983ED0B00863BD6 /* Frameworks */,
				E8093C912983ED0B00863BD6 /* Resources */,
			);
			buildRules = (
			);
			dependencies = (
				E8093C952983ED0B00863BD6 /* PBXTargetDependency */,
			);
			name = SpectreTests;
			productName = SpectreTests;
			productReference = E8093C932983ED0B00863BD6 /* SpectreTests.xctest */;
			productType = "com.apple.product-type.bundle.unit-test";
		};
		E8093C9C2983ED0B00863BD6 /* SpectreUITests */ = {
			isa = PBXNativeTarget;
			buildConfigurationList = E8093CAD2983ED0B00863BD6 /* Build configuration list for PBXNativeTarget "SpectreUITests" */;
			buildPhases = (
				E8093C992983ED0B00863BD6 /* Sources */,
				E8093C9A2983ED0B00863BD6 /* Frameworks */,
				E8093C9B2983ED0B00863BD6 /* Resources */,
			);
			buildRules = (
			);
			dependencies = (
				E8093C9F2983ED0B00863BD6 /* PBXTargetDependency */,
			);
			name = SpectreUITests;
			productName = SpectreUITests;
			productReference = E8093C9D2983ED0B00863BD6 /* SpectreUITests.xctest */;
			productType = "com.apple.product-type.bundle.ui-testing";
		};
/* End PBXNativeTarget section */

/* Begin PBXProject section */
		E8093C7B2983ED0A00863BD6 /* Project object */ = {
			isa = PBXProject;
			attributes = {
				BuildIndependentTargetsInParallel = 1;
				LastSwiftUpdateCheck = 1410;
				LastUpgradeCheck = 1410;
				TargetAttributes = {
					E8093C822983ED0A00863BD6 = {
						CreatedOnToolsVersion = 14.1;
					};
					E8093C922983ED0B00863BD6 = {
						CreatedOnToolsVersion = 14.1;
						TestTargetID = E8093C822983ED0A00863BD6;
					};
					E8093C9C2983ED0B00863BD6 = {
						CreatedOnToolsVersion = 14.1;
						TestTargetID = E8093C822983ED0A00863BD6;
					};
				};
			};
			buildConfigurationList = E8093C7E2983ED0A00863BD6 /* Build configuration list for PBXProject "Spectre" */;
			compatibilityVersion = "Xcode 14.0";
			developmentRegion = en;
			hasScannedForEncodings = 0;
			knownRegions = (
				en,
				Base,
			);
			mainGroup = E8093C7A2983ED0A00863BD6;
			productRefGroup = E8093C842983ED0A00863BD6 /* Products */;
			projectDirPath = "";
			projectRoot = "";
			targets = (
				E8093C822983ED0A00863BD6 /* Spectre */,
				E8093C922983ED0B00863BD6 /* SpectreTests */,
				E8093C9C2983ED0B00863BD6 /* SpectreUITests */,
			);
		};
/* End PBXProject section */

/* Begin PBXResourcesBuildPhase section */
		E8093C812983ED0A00863BD6 /* Resources */ = {
			isa = PBXResourcesBuildPhase;
			buildActionMask = 2147483647;
			files = (
				E8093C8E2983ED0B00863BD6 /* Preview Assets.xcassets in Resources */,
				E8093C8B2983ED0B00863BD6 /* Assets.xcassets in Resources */,
			);
			runOnlyForDeploymentPostprocessing = 0;
		};
		E8093C912983ED0B00863BD6 /* Resources */ = {
			isa = PBXResourcesBuildPhase;
			buildActionMask = 2147483647;
			files = (
			);
			runOnlyForDeploymentPostprocessing = 0;
		};
		E8093C9B2983ED0B00863BD6 /* Resources */ = {
			isa = PBXResourcesBuildPhase;
			buildActionMask = 2147483647;
			files = (
			);
			runOnlyForDeploymentPostprocessing = 0;
		};
/* End PBXResourcesBuildPhase section */

/* Begin PBXSourcesBuildPhase section */
		E8093C7F2983ED0A00863BD6 /* Sources */ = {
			isa = PBXSourcesBuildPhase;
			buildActionMask = 2147483647;
			files = (
				E81835EC298732D6009AFB60 /* WalletService.swift in Sources */,
				E8093C892983ED0A00863BD6 /* WalletView.swift in Sources */,
				E8093CB2298482E500863BD6 /* MainView.swift in Sources */,
				E8093CBA2985076400863BD6 /* BrowserView.swift in Sources */,
				E8093CB629849CDD00863BD6 /* SwapView.swift in Sources */,
				E8093C872983ED0A00863BD6 /* SpectreApp.swift in Sources */,
				E81835EE29873654009AFB60 /* WalletViewModel.swift in Sources */,
				E8093CB4298491A900863BD6 /* NFTView.swift in Sources */,
				E8093CB82984A7F200863BD6 /* ActivityView.swift in Sources */,
			);
			runOnlyForDeploymentPostprocessing = 0;
		};
		E8093C8F2983ED0B00863BD6 /* Sources */ = {
			isa = PBXSourcesBuildPhase;
			buildActionMask = 2147483647;
			files = (
				E8093C982983ED0B00863BD6 /* SpectreTests.swift in Sources */,
			);
			runOnlyForDeploymentPostprocessing = 0;
		};
		E8093C992983ED0B00863BD6 /* Sources */ = {
			isa = PBXSourcesBuildPhase;
			buildActionMask = 2147483647;
			files = (
				E8093CA22983ED0B00863BD6 /* SpectreUITests.swift in Sources */,
				E8093CA42983ED0B00863BD6 /* SpectreUITestsLaunchTests.swift in Sources */,
			);
			runOnlyForDeploymentPostprocessing = 0;
		};
/* End PBXSourcesBuildPhase section */

/* Begin PBXTargetDependency section */
		E8093C952983ED0B00863BD6 /* PBXTargetDependency */ = {
			isa = PBXTargetDependency;
			target = E8093C822983ED0A00863BD6 /* Spectre */;
			targetProxy = E8093C942983ED0B00863BD6 /* PBXContainerItemProxy */;
		};
		E8093C9F2983ED0B00863BD6 /* PBXTargetDependency */ = {
			isa = PBXTargetDependency;
			target = E8093C822983ED0A00863BD6 /* Spectre */;
			targetProxy = E8093C9E2983ED0B00863BD6 /* PBXContainerItemProxy */;
		};
/* End PBXTargetDependency section */

/* Begin XCBuildConfiguration section */
		E8093CA52983ED0B00863BD6 /* Debug */ = {
			isa = XCBuildConfiguration;
			buildSettings = {
				ALWAYS_SEARCH_USER_PATHS = NO;
				CLANG_ANALYZER_NONNULL = YES;
				CLANG_ANALYZER_NUMBER_OBJECT_CONVERSION = YES_AGGRESSIVE;
				CLANG_CXX_LANGUAGE_STANDARD = "gnu++20";
				CLANG_ENABLE_MODULES = YES;
				CLANG_ENABLE_OBJC_ARC = YES;
				CLANG_ENABLE_OBJC_WEAK = YES;
				CLANG_WARN_BLOCK_CAPTURE_AUTORELEASING = YES;
				CLANG_WARN_BOOL_CONVERSION = YES;
				CLANG_WARN_COMMA = YES;
				CLANG_WARN_CONSTANT_CONVERSION = YES;
				CLANG_WARN_DEPRECATED_OBJC_IMPLEMENTATIONS = YES;
				CLANG_WARN_DIRECT_OBJC_ISA_USAGE = YES_ERROR;
				CLANG_WARN_DOCUMENTATION_COMMENTS = YES;
				CLANG_WARN_EMPTY_BODY = YES;
				CLANG_WARN_ENUM_CONVERSION = YES;
				CLANG_WARN_INFINITE_RECURSION = YES;
				CLANG_WARN_INT_CONVERSION = YES;
				CLANG_WARN_NON_LITERAL_NULL_CONVERSION = YES;
				CLANG_WARN_OBJC_IMPLICIT_RETAIN_SELF = YES;
				CLANG_WARN_OBJC_LITERAL_CONVERSION = YES;
				CLANG_WARN_OBJC_ROOT_CLASS = YES_ERROR;
				CLANG_WARN_QUOTED_INCLUDE_IN_FRAMEWORK_HEADER = YES;
				CLANG_WARN_RANGE_LOOP_ANALYSIS = YES;
				CLANG_WARN_STRICT_PROTOTYPES = YES;
				CLANG_WARN_SUSPICIOUS_MOVE = YES;
				CLANG_WARN_UNGUARDED_AVAILABILITY = YES_AGGRESSIVE;
				CLANG_WARN_UNREACHABLE_CODE = YES;
				CLANG_WARN__DUPLICATE_METHOD_MATCH = YES;
				COPY_PHASE_STRIP = NO;
				DEBUG_INFORMATION_FORMAT = dwarf;
				ENABLE_STRICT_OBJC_MSGSEND = YES;
				ENABLE_TESTABILITY = YES;
				GCC_C_LANGUAGE_STANDARD = gnu11;
				GCC_DYNAMIC_NO_PIC = NO;
				GCC_NO_COMMON_BLOCKS = YES;
				GCC_OPTIMIZATION_LEVEL = 0;
				GCC_PREPROCESSOR_DEFINITIONS = (
					"DEBUG=1",
					"$(inherited)",
				);
				GCC_WARN_64_TO_32_BIT_CONVERSION = YES;
				GCC_WARN_ABOUT_RETURN_TYPE = YES_ERROR;
				GCC_WARN_UNDECLARED_SELECTOR = YES;
				GCC_WARN_UNINITIALIZED_AUTOS = YES_AGGRESSIVE;
				GCC_WARN_UNUSED_FUNCTION = YES;
				GCC_WARN_UNUSED_VARIABLE = YES;
				IPHONEOS_DEPLOYMENT_TARGET = 16.1;
				MTL_ENABLE_DEBUG_INFO = INCLUDE_SOURCE;
				MTL_FAST_MATH = YES;
				ONLY_ACTIVE_ARCH = YES;
				SDKROOT = iphoneos;
				SWIFT_ACTIVE_COMPILATION_CONDITIONS = DEBUG;
				SWIFT_OPTIMIZATION_LEVEL = "-Onone";
			};
			name = Debug;
		};
		E8093CA62983ED0B00863BD6 /* Release */ = {
			isa = XCBuildConfiguration;
			buildSettings = {
				ALWAYS_SEARCH_USER_PATHS = NO;
				CLANG_ANALYZER_NONNULL = YES;
				CLANG_ANALYZER_NUMBER_OBJECT_CONVERSION = YES_AGGRESSIVE;
				CLANG_CXX_LANGUAGE_STANDARD = "gnu++20";
				CLANG_ENABLE_MODULES = YES;
				CLANG_ENABLE_OBJC_ARC = YES;
				CLANG_ENABLE_OBJC_WEAK = YES;
				CLANG_WARN_BLOCK_CAPTURE_AUTORELEASING = YES;
				CLANG_WARN_BOOL_CONVERSION = YES;
				CLANG_WARN_COMMA = YES;
				CLANG_WARN_CONSTANT_CONVERSION = YES;
				CLANG_WARN_DEPRECATED_OBJC_IMPLEMENTATIONS = YES;
				CLANG_WARN_DIRECT_OBJC_ISA_USAGE = YES_ERROR;
				CLANG_WARN_DOCUMENTATION_COMMENTS = YES;
				CLANG_WARN_EMPTY_BODY = YES;
				CLANG_WARN_ENUM_CONVERSION = YES;
				CLANG_WARN_INFINITE_RECURSION = YES;
				CLANG_WARN_INT_CONVERSION = YES;
				CLANG_WARN_NON_LITERAL_NULL_CONVERSION = YES;
				CLANG_WARN_OBJC_IMPLICIT_RETAIN_SELF = YES;
				CLANG_WARN_OBJC_LITERAL_CONVERSION = YES;
				CLANG_WARN_OBJC_ROOT_CLASS = YES_ERROR;
				CLANG_WARN_QUOTED_INCLUDE_IN_FRAMEWORK_HEADER = YES;
				CLANG_WARN_RANGE_LOOP_ANALYSIS = YES;
				CLANG_WARN_STRICT_PROTOTYPES = YES;
				CLANG_WARN_SUSPICIOUS_MOVE = YES;
				CLANG_WARN_UNGUARDED_AVAILABILITY = YES_AGGRESSIVE;
				CLANG_WARN_UNREACHABLE_CODE = YES;
				CLANG_WARN__DUPLICATE_METHOD_MATCH = YES;
				COPY_PHASE_STRIP = NO;
				DEBUG_INFORMATION_FORMAT = "dwarf-with-dsym";
				ENABLE_NS_ASSERTIONS = NO;
				ENABLE_STRICT_OBJC_MSGSEND = YES;
				GCC_C_LANGUAGE_STANDARD = gnu11;
				GCC_NO_COMMON_BLOCKS = YES;
				GCC_WARN_64_TO_32_BIT_CONVERSION = YES;
				GCC_WARN_ABOUT_RETURN_TYPE = YES_ERROR;
				GCC_WARN_UNDECLARED_SELECTOR = YES;
				GCC_WARN_UNINITIALIZED_AUTOS = YES_AGGRESSIVE;
				GCC_WARN_UNUSED_FUNCTION = YES;
				GCC_WARN_UNUSED_VARIABLE = YES;
				IPHONEOS_DEPLOYMENT_TARGET = 16.1;
				MTL_ENABLE_DEBUG_INFO = NO;
				MTL_FAST_MATH = YES;
				SDKROOT = iphoneos;
				SWIFT_COMPILATION_MODE = wholemodule;
				SWIFT_OPTIMIZATION_LEVEL = "-O";
				VALIDATE_PRODUCT = YES;
			};
			name = Release;
		};
		E8093CA82983ED0B00863BD6 /* Debug */ = {
			isa = XCBuildConfiguration;
			buildSettings = {
				ASSETCATALOG_COMPILER_APPICON_NAME = AppIcon;
				ASSETCATALOG_COMPILER_GLOBAL_ACCENT_COLOR_NAME = AccentColor;
				CODE_SIGN_STYLE = Automatic;
				CURRENT_PROJECT_VERSION = 1;
				DEVELOPMENT_ASSET_PATHS = "\"Spectre/Preview Content\"";
				DEVELOPMENT_TEAM = WQX8US9ZQL;
				ENABLE_PREVIEWS = YES;
				GENERATE_INFOPLIST_FILE = YES;
				INFOPLIST_KEY_UIApplicationSceneManifest_Generation = YES;
				INFOPLIST_KEY_UIApplicationSupportsIndirectInputEvents = YES;
				INFOPLIST_KEY_UILaunchScreen_Generation = YES;
				INFOPLIST_KEY_UISupportedInterfaceOrientations_iPad = "UIInterfaceOrientationPortrait UIInterfaceOrientationPortraitUpsideDown UIInterfaceOrientationLandscapeLeft UIInterfaceOrientationLandscapeRight";
				INFOPLIST_KEY_UISupportedInterfaceOrientations_iPhone = "UIInterfaceOrientationPortrait UIInterfaceOrientationLandscapeLeft UIInterfaceOrientationLandscapeRight";
				LD_RUNPATH_SEARCH_PATHS = (
					"$(inherited)",
					"@executable_path/Frameworks",
				);
				MARKETING_VERSION = 1.0;
				PRODUCT_BUNDLE_IDENTIFIER = zacharynguyen.Spectre;
				PRODUCT_NAME = "$(TARGET_NAME)";
				SWIFT_EMIT_LOC_STRINGS = YES;
				SWIFT_VERSION = 5.0;
				TARGETED_DEVICE_FAMILY = "1,2";
			};
			name = Debug;
		};
		E8093CA92983ED0B00863BD6 /* Release */ = {
			isa = XCBuildConfiguration;
			buildSettings = {
				ASSETCATALOG_COMPILER_APPICON_NAME = AppIcon;
				ASSETCATALOG_COMPILER_GLOBAL_ACCENT_COLOR_NAME = AccentColor;
				CODE_SIGN_STYLE = Automatic;
				CURRENT_PROJECT_VERSION = 1;
				DEVELOPMENT_ASSET_PATHS = "\"Spectre/Preview Content\"";
				DEVELOPMENT_TEAM = WQX8US9ZQL;
				ENABLE_PREVIEWS = YES;
				GENERATE_INFOPLIST_FILE = YES;
				INFOPLIST_KEY_UIApplicationSceneManifest_Generation = YES;
				INFOPLIST_KEY_UIApplicationSupportsIndirectInputEvents = YES;
				INFOPLIST_KEY_UILaunchScreen_Generation = YES;
				INFOPLIST_KEY_UISupportedInterfaceOrientations_iPad = "UIInterfaceOrientationPortrait UIInterfaceOrientationPortraitUpsideDown UIInterfaceOrientationLandscapeLeft UIInterfaceOrientationLandscapeRight";
				INFOPLIST_KEY_UISupportedInterfaceOrientations_iPhone = "UIInterfaceOrientationPortrait UIInterfaceOrientationLandscapeLeft UIInterfaceOrientationLandscapeRight";
				LD_RUNPATH_SEARCH_PATHS = (
					"$(inherited)",
					"@executable_path/Frameworks",
				);
				MARKETING_VERSION = 1.0;
				PRODUCT_BUNDLE_IDENTIFIER = zacharynguyen.Spectre;
				PRODUCT_NAME = "$(TARGET_NAME)";
				SWIFT_EMIT_LOC_STRINGS = YES;
				SWIFT_VERSION = 5.0;
				TARGETED_DEVICE_FAMILY = "1,2";
			};
			name = Release;
		};
		E8093CAB2983ED0B00863BD6 /* Debug */ = {
			isa = XCBuildConfiguration;
			buildSettings = {
				ALWAYS_EMBED_SWIFT_STANDARD_LIBRARIES = YES;
				BUNDLE_LOADER = "$(TEST_HOST)";
				CODE_SIGN_STYLE = Automatic;
				CURRENT_PROJECT_VERSION = 1;
				DEVELOPMENT_TEAM = WQX8US9ZQL;
				GENERATE_INFOPLIST_FILE = YES;
				IPHONEOS_DEPLOYMENT_TARGET = 16.1;
				MARKETING_VERSION = 1.0;
				PRODUCT_BUNDLE_IDENTIFIER = zacharynguyen.SpectreTests;
				PRODUCT_NAME = "$(TARGET_NAME)";
				SWIFT_EMIT_LOC_STRINGS = NO;
				SWIFT_VERSION = 5.0;
				TARGETED_DEVICE_FAMILY = "1,2";
				TEST_HOST = "$(BUILT_PRODUCTS_DIR)/Spectre.app/$(BUNDLE_EXECUTABLE_FOLDER_PATH)/Spectre";
			};
			name = Debug;
		};
		E8093CAC2983ED0B00863BD6 /* Release */ = {
			isa = XCBuildConfiguration;
			buildSettings = {
				ALWAYS_EMBED_SWIFT_STANDARD_LIBRARIES = YES;
				BUNDLE_LOADER = "$(TEST_HOST)";
				CODE_SIGN_STYLE = Automatic;
				CURRENT_PROJECT_VERSION = 1;
				DEVELOPMENT_TEAM = WQX8US9ZQL;
				GENERATE_INFOPLIST_FILE = YES;
				IPHONEOS_DEPLOYMENT_TARGET = 16.1;
				MARKETING_VERSION = 1.0;
				PRODUCT_BUNDLE_IDENTIFIER = zacharynguyen.SpectreTests;
				PRODUCT_NAME = "$(TARGET_NAME)";
				SWIFT_EMIT_LOC_STRINGS = NO;
				SWIFT_VERSION = 5.0;
				TARGETED_DEVICE_FAMILY = "1,2";
				TEST_HOST = "$(BUILT_PRODUCTS_DIR)/Spectre.app/$(BUNDLE_EXECUTABLE_FOLDER_PATH)/Spectre";
			};
			name = Release;
		};
		E8093CAE2983ED0B00863BD6 /* Debug */ = {
			isa = XCBuildConfiguration;
			buildSettings = {
				ALWAYS_EMBED_SWIFT_STANDARD_LIBRARIES = YES;
				CODE_SIGN_STYLE = Automatic;
				CURRENT_PROJECT_VERSION = 1;
				DEVELOPMENT_TEAM = WQX8US9ZQL;
				GENERATE_INFOPLIST_FILE = YES;
				MARKETING_VERSION = 1.0;
				PRODUCT_BUNDLE_IDENTIFIER = zacharynguyen.SpectreUITests;
				PRODUCT_NAME = "$(TARGET_NAME)";
				SWIFT_EMIT_LOC_STRINGS = NO;
				SWIFT_VERSION = 5.0;
				TARGETED_DEVICE_FAMILY = "1,2";
				TEST_TARGET_NAME = Spectre;
			};
			name = Debug;
		};
		E8093CAF2983ED0B00863BD6 /* Release */ = {
			isa = XCBuildConfiguration;
			buildSettings = {
				ALWAYS_EMBED_SWIFT_STANDARD_LIBRARIES = YES;
				CODE_SIGN_STYLE = Automatic;
				CURRENT_PROJECT_VERSION = 1;
				DEVELOPMENT_TEAM = WQX8US9ZQL;
				GENERATE_INFOPLIST_FILE = YES;
				MARKETING_VERSION = 1.0;
				PRODUCT_BUNDLE_IDENTIFIER = zacharynguyen.SpectreUITests;
				PRODUCT_NAME = "$(TARGET_NAME)";
				SWIFT_EMIT_LOC_STRINGS = NO;
				SWIFT_VERSION = 5.0;
				TARGETED_DEVICE_FAMILY = "1,2";
				TEST_TARGET_NAME = Spectre;
			};
			name = Release;
		};
/* End XCBuildConfiguration section */

/* Begin XCConfigurationList section */
		E8093C7E2983ED0A00863BD6 /* Build configuration list for PBXProject "Spectre" */ = {
			isa = XCConfigurationList;
			buildConfigurations = (
				E8093CA52983ED0B00863BD6 /* Debug */,
				E8093CA62983ED0B00863BD6 /* Release */,
			);
			defaultConfigurationIsVisible = 0;
			defaultConfigurationName = Release;
		};
		E8093CA72983ED0B00863BD6 /* Build configuration list for PBXNativeTarget "Spectre" */ = {
			isa = XCConfigurationList;
			buildConfigurations = (
				E8093CA82983ED0B00863BD6 /* Debug */,
				E8093CA92983ED0B00863BD6 /* Release */,
			);
			defaultConfigurationIsVisible = 0;
			defaultConfigurationName = Release;
		};
		E8093CAA2983ED0B00863BD6 /* Build configuration list for PBXNativeTarget "SpectreTests" */ = {
			isa = XCConfigurationList;
			buildConfigurations = (
				E8093CAB2983ED0B00863BD6 /* Debug */,
				E8093CAC2983ED0B00863BD6 /* Release */,
			);
			defaultConfigurationIsVisible = 0;
			defaultConfigurationName = Release;
		};
		E8093CAD2983ED0B00863BD6 /* Build configuration list for PBXNativeTarget "SpectreUITests" */ = {
			isa = XCConfigurationList;
			buildConfigurations = (
				E8093CAE2983ED0B00863BD6 /* Debug */,
				E8093CAF2983ED0B00863BD6 /* Release */,
			);
			defaultConfigurationIsVisible = 0;
			defaultConfigurationName = Release;
		};
/* End XCConfigurationList section */
	};
	rootObject = E8093C7B2983ED0A00863BD6 /* Project object */;
}
